
Microsoft Visual Studio Solution File, Format Version 12.00
# Visual Studio 15
VisualStudioVersion = 15.0.27130.2010
MinimumVisualStudioVersion = 10.0.40219.1
Project("{FAE04EC0-301F-11D3-BF4B-00C04F79EFBC}") = "Promobusque.Site", "Promobusque\Promobusque.Site.csproj", "{FC351EA6-9FF1-42D5-A610-B9A439CED362}"
EndProject
Project("{FAE04EC0-301F-11D3-BF4B-00C04F79EFBC}") = "Promobusque.Api", "Promobusque.Api\Promobusque.Api.csproj", "{1CCDF6B8-389C-4B0F-B631-C9E0014EF817}"
EndProject
Project("{FAE04EC0-301F-11D3-BF4B-00C04F79EFBC}") = "Promobusque.Aplicacao", "Promobusque.Aplicacao\Promobusque.Aplicacao.csproj", "{F91C894F-F1CC-455E-BE65-CD4A6BDAF456}"
EndProject
Project("{FAE04EC0-301F-11D3-BF4B-00C04F79EFBC}") = "Promobusque.Dominio", "Promobusque.Dominio\Promobusque.Dominio.csproj", "{3F9F78FE-70CD-4AEE-98E5-36701468CB9D}"
EndProject
Project("{FAE04EC0-301F-11D3-BF4B-00C04F79EFBC}") = "Promobusque.Infra", "Promobusque.Infra\Promobusque.Infra.csproj", "{05D71E02-84EA-4087-9B0D-753BBE5949B6}"
EndProject
Global
	GlobalSection(SolutionConfigurationPlatforms) = preSolution
		Debug|Any CPU = Debug|Any CPU
		Release|Any CPU = Release|Any CPU
	EndGlobalSection
	GlobalSection(ProjectConfigurationPlatforms) = postSolution
		{FC351EA6-9FF1-42D5-A610-B9A439CED362}.Debug|Any CPU.ActiveCfg = Debug|Any CPU
		{FC351EA6-9FF1-42D5-A610-B9A439CED362}.Debug|Any CPU.Build.0 = Debug|Any CPU
		{FC351EA6-9FF1-42D5-A610-B9A439CED362}.Release|Any CPU.ActiveCfg = Release|Any CPU
		{FC351EA6-9FF1-42D5-A610-B9A439CED362}.Release|Any CPU.Build.0 = Release|Any CPU
		{1CCDF6B8-389C-4B0F-B631-C9E0014EF817}.Debug|Any CPU.ActiveCfg = Debug|Any CPU
		{1CCDF6B8-389C-4B0F-B631-C9E0014EF817}.Debug|Any CPU.Build.0 = Debug|Any CPU
		{1CCDF6B8-389C-4B0F-B631-C9E0014EF817}.Release|Any CPU.ActiveCfg = Release|Any CPU
		{1CCDF6B8-389C-4B0F-B631-C9E0014EF817}.Release|Any CPU.Build.0 = Release|Any CPU
		{F91C894F-F1CC-455E-BE65-CD4A6BDAF456}.Debug|Any CPU.ActiveCfg = Debug|Any CPU
		{F91C894F-F1CC-455E-BE65-CD4A6BDAF456}.Debug|Any CPU.Build.0 = Debug|Any CPU
		{F91C894F-F1CC-455E-BE65-CD4A6BDAF456}.Release|Any CPU.ActiveCfg = Release|Any CPU
		{F91C894F-F1CC-455E-BE65-CD4A6BDAF456}.Release|Any CPU.Build.0 = Release|Any CPU
		{3F9F78FE-70CD-4AEE-98E5-36701468CB9D}.Debug|Any CPU.ActiveCfg = Debug|Any CPU
		{3F9F78FE-70CD-4AEE-98E5-36701468CB9D}.Debug|Any CPU.Build.0 = Debug|Any CPU
		{3F9F78FE-70CD-4AEE-98E5-36701468CB9D}.Release|Any CPU.ActiveCfg = Release|Any CPU
		{3F9F78FE-70CD-4AEE-98E5-36701468CB9D}.Release|Any CPU.Build.0 = Release|Any CPU
		{05D71E02-84EA-4087-9B0D-753BBE5949B6}.Debug|Any CPU.ActiveCfg = Debug|Any CPU
		{05D71E02-84EA-4087-9B0D-753BBE5949B6}.Debug|Any CPU.Build.0 = Debug|Any CPU
		{05D71E02-84EA-4087-9B0D-753BBE5949B6}.Release|Any CPU.ActiveCfg = Release|Any CPU
		{05D71E02-84EA-4087-9B0D-753BBE5949B6}.Release|Any CPU.Build.0 = Release|Any CPU
	EndGlobalSection
	GlobalSection(SolutionProperties) = preSolution
		HideSolutionNode = FALSE
	EndGlobalSection
	GlobalSection(ExtensibilityGlobals) = postSolution
		SolutionGuid = {9C9B537E-E440-43A3-ADEE-5D588719EFD5}
	EndGlobalSection
EndGlobal
